
Microsoft Visual Studio Solution File, Format Version 12.00
# Visual Studio Version 17
VisualStudioVersion = 17.0.32126.317
MinimumVisualStudioVersion = 10.0.40219.1
Project("{8BC9CEB8-8B4A-11D0-8D11-00A0C91BC942}") = "libnet", "libnet\libnet.vcxproj", "{0B85FEF0-3CB6-493C-A680-5D13994D9D91}"
EndProject
Global
	GlobalSection(SolutionConfigurationPlatforms) = preSolution
		Debug|x64 = Debug|x64
		Debug|x86 = Debug|x86
		Release|x64 = Release|x64
		Release|x86 = Release|x86
	EndGlobalSection
	GlobalSection(ProjectConfigurationPlatforms) = postSolution
		{0B85FEF0-3CB6-493C-A680-5D13994D9D91}.Debug|x64.ActiveCfg = Debug|x64
		{0B85FEF0-3CB6-493C-A680-5D13994D9D91}.Debug|x64.Build.0 = Debug|x64
		{0B85FEF0-3CB6-493C-A680-5D13994D9D91}.Debug|x86.ActiveCfg = Debug|Win32
		{0B85FEF0-3CB6-493C-A680-5D13994D9D91}.Debug|x86.Build.0 = Debug|Win32
		{0B85FEF0-3CB6-493C-A680-5D13994D9D91}.Release|x64.ActiveCfg = Release|x64
		{0B85FEF0-3CB6-493C-A680-5D13994D9D91}.Release|x64.Build.0 = Release|x64
		{0B85FEF0-3CB6-493C-A680-5D13994D9D91}.Release|x86.ActiveCfg = Release|Win32
		{0B85FEF0-3CB6-493C-A680-5D13994D9D91}.Release|x86.Build.0 = Release|Win32
	EndGlobalSection
	GlobalSection(SolutionProperties) = preSolution
		HideSolutionNode = FALSE
	EndGlobalSection
	GlobalSection(ExtensibilityGlobals) = postSolution
		SolutionGuid = {EAC956E0-47FE-4DFE-A6C9-2D226119BD73}
	EndGlobalSection
EndGlobal
